{
    "version": 3,
    "terraform_version": "0.11.5",
    "serial": 3,
    "lineage": "3ea161bc-5d36-2d59-c087-168c9e644205",
    "modules": [
        {
            "path": [
                "root"
            ],
            "outputs": {},
            "resources": {
                "aws_instance.robotest": {
                    "type": "aws_instance",
                    "depends_on": [],
                    "primary": {
                        "id": "i-086c137dd5f4fde8d",
                        "attributes": {
                            "ami": "ami-4c752e35",
                            "associate_public_ip_address": "true",
                            "availability_zone": "eu-west-1b",
                            "disable_api_termination": "false",
                            "ebs_block_device.#": "0",
                            "ebs_optimized": "false",
                            "ephemeral_block_device.#": "0",
                            "get_password_data": "false",
                            "iam_instance_profile": "",
                            "id": "i-086c137dd5f4fde8d",
                            "instance_state": "running",
                            "instance_type": "t2.medium",
                            "ipv6_addresses.#": "0",
                            "key_name": "",
                            "monitoring": "false",
                            "network_interface.#": "0",
                            "network_interface_id": "eni-55662667",
                            "password_data": "",
                            "placement_group": "",
                            "primary_network_interface_id": "eni-55662667",
                            "private_dns": "ip-10-156-1-124.eu-west-1.compute.internal",
                            "private_ip": "10.156.1.124",
                            "public_dns": "ec2-34-244-96-159.eu-west-1.compute.amazonaws.com",
                            "public_ip": "34.244.96.159",
                            "root_block_device.#": "1",
                            "root_block_device.0.delete_on_termination": "true",
                            "root_block_device.0.iops": "100",
                            "root_block_device.0.volume_id": "vol-0b89c4f9c8a40dee4",
                            "root_block_device.0.volume_size": "30",
                            "root_block_device.0.volume_type": "gp2",
                            "security_groups.#": "0",
                            "source_dest_check": "true",
                            "subnet_id": "subnet-04415b72",
                            "tags.%": "1",
                            "tags.Name": "MangoTest_RELEASE_1_jorge.munoz",
                            "tenancy": "default",
                            "volume_tags.%": "0",
                            "vpc_security_group_ids.#": "3",
                            "vpc_security_group_ids.3023451681": "sg-5a635620",
                            "vpc_security_group_ids.57628458": "sg-38db9343",
                            "vpc_security_group_ids.632919166": "sg-9c1f3be4"
                        },
                        "meta": {
                            "e2bfb730-ecaa-11e6-8f88-34363bc7c4c0": {
                                "create": 600000000000,
                                "delete": 1200000000000,
                                "update": 600000000000
                            },
                            "schema_version": "1"
                        },
                        "tainted": false
                    },
                    "deposed": [],
                    "provider": "provider.aws"
                },
                "data.template_file.userdata": {
                    "type": "template_file",
                    "depends_on": [],
                    "primary": {
                        "id": "15a71e358290104758fe205733cc8d42a1eb0bb0949a0ddf742b67cf6dea6831",
                        "attributes": {
                            "id": "15a71e358290104758fe205733cc8d42a1eb0bb0949a0ddf742b67cf6dea6831",
                            "rendered": "{\n\t\"userdata\": {\n\t\t\"enable_rdp\": true,\n\t\t\"administrator_password\": \"12eple!x\" \n\t}\n}\n",
                            "template": "{\n\t\"userdata\": {\n\t\t\"enable_rdp\": true,\n\t\t\"administrator_password\": \"${admin_password}\" \n\t}\n}\n",
                            "vars.%": "1",
                            "vars.admin_password": "12eple!x"
                        },
                        "meta": {},
                        "tainted": false
                    },
                    "deposed": [],
                    "provider": "provider.template"
                }
            },
            "depends_on": []
        }
    ]
}
